<?xml version="1.0" encoding="utf-8"?>
<Project ToolsVersion="4.0" xmlns="http://schemas.microsoft.com/developer/msbuild/2003">
  <ItemGroup>
    <Filter Include="Source Files">
      <UniqueIdentifier>{4FC737F1-C7A5-4376-A066-2A32D752A2FF}</UniqueIdentifier>
      <Extensions>cpp;c;cc;cxx;c++;cppm;ixx;def;odl;idl;hpj;bat;asm;asmx</Extensions>
    </Filter>
    <Filter Include="Header Files">
      <UniqueIdentifier>{93995380-89BD-4b04-88EB-625FBE52EBFB}</UniqueIdentifier>
      <Extensions>h;hh;hpp;hxx;h++;hm;inl;inc;ipp;xsd</Extensions>
    </Filter>
    <Filter Include="Resource Files">
      <UniqueIdentifier>{67DA6AB6-F800-4c08-8B7A-83BB121AAD01}</UniqueIdentifier>
      <Extensions>rc;ico;cur;bmp;dlg;rc2;rct;bin;rgs;gif;jpg;jpeg;jpe;resx;tiff;tif;png;wav;mfcribbon-ms</Extensions>
    </Filter>
    <Filter Include="Graphics">
      <UniqueIdentifier>{6d7d00e6-7a91-428e-8fee-f9fafe35713b}</UniqueIdentifier>
    </Filter>
    <Filter Include="Graphics\Sprites">
      <UniqueIdentifier>{8fd92f7f-50d7-41cf-9fa8-e6259ea688ae}</UniqueIdentifier>
    </Filter>
    <Filter Include="Graphics\Animations">
      <UniqueIdentifier>{09f9fd64-d2c2-40a5-9891-e1554c522a86}</UniqueIdentifier>
    </Filter>
    <Filter Include="Graphics\Texts">
      <UniqueIdentifier>{b5008733-623d-4c9d-98ff-67db05dfb4cc}</UniqueIdentifier>
    </Filter>
    <Filter Include="Graphics\Shaders">
      <UniqueIdentifier>{6f3182b9-b972-4b4e-8fbb-c96fafe2e315}</UniqueIdentifier>
    </Filter>
    <Filter Include="Definitions">
      <UniqueIdentifier>{09c7b2b6-8828-4082-a4c7-daf0f1de08af}</UniqueIdentifier>
    </Filter>
    <Filter Include="Structs">
      <UniqueIdentifier>{16a7e4de-d54a-4268-ad22-0b9d0802b906}</UniqueIdentifier>
    </Filter>
    <Filter Include="GameData">
      <UniqueIdentifier>{ff19bcf6-62da-46dd-ae23-f07e37dfaafd}</UniqueIdentifier>
    </Filter>
    <Filter Include="GameStates">
      <UniqueIdentifier>{053bc604-6195-413f-862d-f7b6d3e54446}</UniqueIdentifier>
    </Filter>
    <Filter Include="GameStates\Menu">
      <UniqueIdentifier>{99b30425-0758-435e-b45f-f4c17654c93b}</UniqueIdentifier>
    </Filter>
    <Filter Include="GameStates\Game">
      <UniqueIdentifier>{5c0b069e-2e14-49cb-94b2-874370947f00}</UniqueIdentifier>
    </Filter>
    <Filter Include="HighScores">
      <UniqueIdentifier>{2476a504-6663-46a7-aa46-774fe8086b8c}</UniqueIdentifier>
    </Filter>
    <Filter Include="GameStates\Game\Player">
      <UniqueIdentifier>{ac08f63d-9eeb-496b-abd8-94dc878b7223}</UniqueIdentifier>
    </Filter>
    <Filter Include="GameStates\Game\Projectile">
      <UniqueIdentifier>{920cf668-c7f5-47bf-96b0-9528af39c5ef}</UniqueIdentifier>
    </Filter>
    <Filter Include="Buttons">
      <UniqueIdentifier>{5a56576d-cfd4-40c4-964d-2433d55537cb}</UniqueIdentifier>
    </Filter>
    <Filter Include="Sounds">
      <UniqueIdentifier>{d0298a91-7b1e-44f0-8df9-9244516cc477}</UniqueIdentifier>
    </Filter>
    <Filter Include="Vector">
      <UniqueIdentifier>{0c614cd7-b070-45cb-a1f5-8f819a58485f}</UniqueIdentifier>
    </Filter>
    <Filter Include="GameStates\Game\GamePlay Manager">
      <UniqueIdentifier>{db291639-ae55-42e5-bb0b-2e68e9f5144b}</UniqueIdentifier>
    </Filter>
    <Filter Include="Graphics\Camera">
      <UniqueIdentifier>{63c727e5-9049-4321-ab89-4aa86675352a}</UniqueIdentifier>
    </Filter>
    <Filter Include="GameStates\Settings">
      <UniqueIdentifier>{f5a84d49-d6e1-4e0e-890a-96d85381aac6}</UniqueIdentifier>
    </Filter>
    <Filter Include="GameStates\HighScores">
      <UniqueIdentifier>{f97ae086-0f6d-4ee4-a2a5-bbd61078a5f3}</UniqueIdentifier>
    </Filter>
    <Filter Include="GameStates\HighScores\Scores">
      <UniqueIdentifier>{e70b5ed8-c5f5-468b-b6b9-d4a3a01c26cc}</UniqueIdentifier>
    </Filter>
    <Filter Include="GameStates\GameOver">
      <UniqueIdentifier>{740491ae-32d8-4a33-82e0-54e44b25f4e1}</UniqueIdentifier>
    </Filter>
  </ItemGroup>
  <ItemGroup>
    <ClCompile Include="DemoSFML.cpp">
      <Filter>Source Files</Filter>
    </ClCompile>
    <ClCompile Include="AnimationManager.cpp">
      <Filter>Graphics\Animations</Filter>
    </ClCompile>
    <ClCompile Include="TextManager.cpp">
      <Filter>Graphics\Texts</Filter>
    </ClCompile>
    <ClCompile Include="SpriteManager.cpp">
      <Filter>Graphics\Sprites</Filter>
    </ClCompile>
    <ClCompile Include="ShaderManager.cpp">
      <Filter>Graphics\Shaders</Filter>
    </ClCompile>
    <ClCompile Include="definitions.cpp">
      <Filter>Definitions</Filter>
    </ClCompile>
    <ClCompile Include="GameData.cpp">
      <Filter>GameData</Filter>
    </ClCompile>
    <ClCompile Include="Player.cpp">
      <Filter>GameStates\Game\Player</Filter>
    </ClCompile>
    <ClCompile Include="Projectile.cpp">
      <Filter>GameStates\Game\Projectile</Filter>
    </ClCompile>
    <ClCompile Include="Menu.cpp">
      <Filter>GameStates\Menu</Filter>
    </ClCompile>
    <ClCompile Include="Game.cpp">
      <Filter>GameStates\Game</Filter>
    </ClCompile>
    <ClCompile Include="GameOver.cpp">
      <Filter>GameStates\GameOver</Filter>
    </ClCompile>
    <ClCompile Include="Button.cpp">
      <Filter>Buttons</Filter>
    </ClCompile>
    <ClCompile Include="SoundManager.cpp">
      <Filter>Sounds</Filter>
    </ClCompile>
    <ClCompile Include="Vector.cpp">
      <Filter>Vector</Filter>
    </ClCompile>
    <ClCompile Include="GameplayManager.cpp">
      <Filter>GameStates\Game\GamePlay Manager</Filter>
    </ClCompile>
    <ClCompile Include="Camera.cpp">
      <Filter>Graphics\Camera</Filter>
    </ClCompile>
    <ClCompile Include="HighScores.cpp">
      <Filter>GameStates\HighScores</Filter>
    </ClCompile>
    <ClCompile Include="Settings.cpp">
      <Filter>GameStates\Settings</Filter>
    </ClCompile>
    <ClCompile Include="Scores.cpp">
      <Filter>GameStates\HighScores\Scores</Filter>
    </ClCompile>
  </ItemGroup>
  <ItemGroup>
    <ClInclude Include="AnimationManager.h">
      <Filter>Graphics\Animations</Filter>
    </ClInclude>
    <ClInclude Include="TextManager.h">
      <Filter>Graphics\Texts</Filter>
    </ClInclude>
    <ClInclude Include="SpriteManager.h">
      <Filter>Graphics\Sprites</Filter>
    </ClInclude>
    <ClInclude Include="ShaderManager.h">
      <Filter>Graphics\Shaders</Filter>
    </ClInclude>
    <ClInclude Include="definitions.h">
      <Filter>Definitions</Filter>
    </ClInclude>
    <ClInclude Include="StructParameters.h">
      <Filter>Structs</Filter>
    </ClInclude>
    <ClInclude Include="GameData.h">
      <Filter>GameData</Filter>
    </ClInclude>
    <ClInclude Include="Player.h">
      <Filter>GameStates\Game\Player</Filter>
    </ClInclude>
    <ClInclude Include="Projectile.h">
      <Filter>GameStates\Game\Projectile</Filter>
    </ClInclude>
    <ClInclude Include="Menu.h">
      <Filter>GameStates\Menu</Filter>
    </ClInclude>
    <ClInclude Include="Game.h">
      <Filter>GameStates\Game</Filter>
    </ClInclude>
    <ClInclude Include="GameOver.h">
      <Filter>GameStates\GameOver</Filter>
    </ClInclude>
    <ClInclude Include="Button.h">
      <Filter>Buttons</Filter>
    </ClInclude>
    <ClInclude Include="SoundManager.h">
      <Filter>Sounds</Filter>
    </ClInclude>
    <ClInclude Include="Vector.h">
      <Filter>Vector</Filter>
    </ClInclude>
    <ClInclude Include="GameplayManager.h">
      <Filter>GameStates\Game\GamePlay Manager</Filter>
    </ClInclude>
    <ClInclude Include="Camera.h">
      <Filter>Graphics\Camera</Filter>
    </ClInclude>
    <ClInclude Include="HighScores.h">
      <Filter>GameStates\HighScores</Filter>
    </ClInclude>
    <ClInclude Include="Settings.h">
      <Filter>GameStates\Settings</Filter>
    </ClInclude>
    <ClInclude Include="Scores.h">
      <Filter>GameStates\HighScores\Scores</Filter>
    </ClInclude>
  </ItemGroup>
</Project>